
Microsoft Visual Studio Solution File, Format Version 12.00
# Visual Studio Version 17
VisualStudioVersion = 17.5.33530.505
MinimumVisualStudioVersion = 10.0.40219.1
Project("{9A19103F-16F7-4668-BE54-9A1E7A4F7556}") = "LXIntegratedNavigation.Shared", "LXIntegratedNavigation.Shared\LXIntegratedNavigation.Shared.csproj", "{ADE81905-4BED-4D71-A212-44E80C5A2E0B}"
EndProject
Project("{9A19103F-16F7-4668-BE54-9A1E7A4F7556}") = "LXIntegratedNavigation.WPF", "LXIntegratedNavigation.WPF\LXIntegratedNavigation.WPF.csproj", "{0D1A7C3A-BDD6-45B1-AF82-59535D93A10B}"
EndProject
Project("{9A19103F-16F7-4668-BE54-9A1E7A4F7556}") = "NaviSharp", "..\..\..\dotnet\NaviSharp\NaviSharp\NaviSharp.csproj", "{BF5B5A40-166D-4170-82E4-650E85E2E6C7}"
EndProject
Global
	GlobalSection(SolutionConfigurationPlatforms) = preSolution
		Debug|Any CPU = Debug|Any CPU
		Release|Any CPU = Release|Any CPU
	EndGlobalSection
	GlobalSection(ProjectConfigurationPlatforms) = postSolution
		{ADE81905-4BED-4D71-A212-44E80C5A2E0B}.Debug|Any CPU.ActiveCfg = Debug|Any CPU
		{ADE81905-4BED-4D71-A212-44E80C5A2E0B}.Debug|Any CPU.Build.0 = Debug|Any CPU
		{ADE81905-4BED-4D71-A212-44E80C5A2E0B}.Release|Any CPU.ActiveCfg = Release|Any CPU
		{ADE81905-4BED-4D71-A212-44E80C5A2E0B}.Release|Any CPU.Build.0 = Release|Any CPU
		{0D1A7C3A-BDD6-45B1-AF82-59535D93A10B}.Debug|Any CPU.ActiveCfg = Debug|Any CPU
		{0D1A7C3A-BDD6-45B1-AF82-59535D93A10B}.Debug|Any CPU.Build.0 = Debug|Any CPU
		{0D1A7C3A-BDD6-45B1-AF82-59535D93A10B}.Release|Any CPU.ActiveCfg = Release|Any CPU
		{0D1A7C3A-BDD6-45B1-AF82-59535D93A10B}.Release|Any CPU.Build.0 = Release|Any CPU
		{BF5B5A40-166D-4170-82E4-650E85E2E6C7}.Debug|Any CPU.ActiveCfg = Debug|Any CPU
		{BF5B5A40-166D-4170-82E4-650E85E2E6C7}.Debug|Any CPU.Build.0 = Debug|Any CPU
		{BF5B5A40-166D-4170-82E4-650E85E2E6C7}.Release|Any CPU.ActiveCfg = Release|Any CPU
		{BF5B5A40-166D-4170-82E4-650E85E2E6C7}.Release|Any CPU.Build.0 = Release|Any CPU
	EndGlobalSection
	GlobalSection(SolutionProperties) = preSolution
		HideSolutionNode = FALSE
	EndGlobalSection
	GlobalSection(ExtensibilityGlobals) = postSolution
		SolutionGuid = {A26C43CA-9754-4DFE-873A-9819D0019EEB}
	EndGlobalSection
EndGlobal
